NeoBundleLock VimClojure 2a17c249571395a7f45523d38cac6a9326ecf8f1
NeoBundleLock molokai c67bdfcdb31415aa0ade7f8c003261700a885476
NeoBundleLock neobundle.vim 0541b3becbb796a3a4c58c91620cde664527179b
NeoBundleLock neocomplcache 778181767467b8f8016828898779a646074d883a
NeoBundleLock neocomplete 738bf323deaa844f9bd45c9a65d99699e73cd772
NeoBundleLock neosnippet ac6ac62a5bf259f2db5aaf0751b919b377d1a9b2
NeoBundleLock neosnippet-snippets 1c6dacb99fcbeb186646ecafda3f07e07484b326
NeoBundleLock nerdtree 4ebbb533c3faf2c480211db2b547972bb3b60f2b
NeoBundleLock scss-syntax.vim a834e4357dd91252b507a6893ef19e8d932c5f83
NeoBundleLock switch.vim 371d6812d8d072d99f8191e0d49f0ab70475eaf5
NeoBundleLock syntastic 17a4c01236323bec9dba1c2a99e6fe2b6d22c2df
NeoBundleLock undotree e5a01b2eb94afd256a96cac07ba2981a55dd9665
NeoBundleLock unite-mark c6353b0b0a3ecb2dd316b57a351cd71eb580bf57
NeoBundleLock unite.vim c55717e0b1be4edc35256815a898b7e1ecc32b96
NeoBundleLock vim-endwise 526fe36bd23120077f65856fe986c64a3e49a03a
NeoBundleLock vim-fugitive 18d6d1ab82d9ac15586d7d3c1a36f9ef6fb50eae
NeoBundleLock vim-ref 007b0ac409100cf2b83eb7dace5c8235e3737fef
NeoBundleLock vim-slim 0daaa8581f9a9968cebbc7d14ae9acf1625c0389
NeoBundleLock vim-slime 7c1b6dc04c2858a59bc6e43e2a5f4afe59e4e56d
NeoBundleLock vimproc aa075b9b56839e1adb08421d2e9837f90e59acad
NeoBundleLock vimshell a5b3d99ba84e76cf94195c37ab762aef5f7b6e25
